
Microsoft Visual Studio Solution File, Format Version 12.00
# Visual Studio Version 16
VisualStudioVersion = 16.0.810.14
MinimumVisualStudioVersion = 10.0.40219.1
Project("{FAE04EC0-301F-11D3-BF4B-00C04F79EFBC}") = "day1", "day1\day1.csproj", "{29B09C7E-CA4D-48CE-8B99-33E387F8902E}"
EndProject
Project("{FAE04EC0-301F-11D3-BF4B-00C04F79EFBC}") = "AocUtils", "AocUtils\AocUtils.csproj", "{984BA8E9-859B-4286-B388-7656E57C8643}"
EndProject
Project("{FAE04EC0-301F-11D3-BF4B-00C04F79EFBC}") = "Day2", "Day2\Day2.csproj", "{897404B5-B15D-42C3-9B70-90BFD05FA4A6}"
EndProject
Project("{FAE04EC0-301F-11D3-BF4B-00C04F79EFBC}") = "Day3", "Day3\Day3.csproj", "{9C347A2D-81F0-41FB-B441-9B5B64897D88}"
EndProject
Project("{FAE04EC0-301F-11D3-BF4B-00C04F79EFBC}") = "Day3Tests", "Day3Tests\Day3Tests.csproj", "{8877034C-2004-487A-9A62-B07420A99EF1}"
EndProject
Project("{FAE04EC0-301F-11D3-BF4B-00C04F79EFBC}") = "Day4Tests", "Day4Tests\Day4Tests.csproj", "{7D7C09BB-AE10-441B-BF07-B79DF3A42283}"
EndProject
Project("{FAE04EC0-301F-11D3-BF4B-00C04F79EFBC}") = "Day4", "Day4\Day4.csproj", "{DAF9CE76-96AB-4DED-8C5A-987FA37F92C0}"
EndProject
Project("{FAE04EC0-301F-11D3-BF4B-00C04F79EFBC}") = "Day5", "Day5\Day5.csproj", "{409E8E75-ACAE-4DE0-9A69-6007CC2B1E49}"
EndProject
Project("{FAE04EC0-301F-11D3-BF4B-00C04F79EFBC}") = "Day5Tests", "Day5Tests\Day5Tests.csproj", "{DC67B466-E04A-4DCB-8DD9-9343C25CBE5C}"
EndProject
Project("{FAE04EC0-301F-11D3-BF4B-00C04F79EFBC}") = "Day6", "Day6\Day6.csproj", "{60D26B27-400F-4A0B-9824-C2D8C47DCF6B}"
EndProject
Project("{FAE04EC0-301F-11D3-BF4B-00C04F79EFBC}") = "Day6Tests", "Day6Tests\Day6Tests.csproj", "{14DF1582-A53B-4348-AD1F-888578CBD632}"
EndProject
Project("{FAE04EC0-301F-11D3-BF4B-00C04F79EFBC}") = "Day7", "Day7\Day7.csproj", "{8C8AC859-DB9A-43B1-B6BF-9B2D6CF239CB}"
EndProject
Project("{FAE04EC0-301F-11D3-BF4B-00C04F79EFBC}") = "Day7Tests", "Day7Tests\Day7Tests.csproj", "{A0463995-524B-4749-BEE6-D292E47A51B1}"
EndProject
Project("{FAE04EC0-301F-11D3-BF4B-00C04F79EFBC}") = "Day8", "Day8\Day8.csproj", "{AD9CD5DA-F9CE-4422-A16B-CA10C8155AC2}"
EndProject
Project("{FAE04EC0-301F-11D3-BF4B-00C04F79EFBC}") = "Day8Tests", "Day8Tests\Day8Tests.csproj", "{5E360F5A-0830-4D91-9689-23E8D3D7892F}"
EndProject
Global
	GlobalSection(SolutionConfigurationPlatforms) = preSolution
		Debug|Any CPU = Debug|Any CPU
		Release|Any CPU = Release|Any CPU
	EndGlobalSection
	GlobalSection(ProjectConfigurationPlatforms) = postSolution
		{29B09C7E-CA4D-48CE-8B99-33E387F8902E}.Debug|Any CPU.ActiveCfg = Debug|Any CPU
		{29B09C7E-CA4D-48CE-8B99-33E387F8902E}.Debug|Any CPU.Build.0 = Debug|Any CPU
		{29B09C7E-CA4D-48CE-8B99-33E387F8902E}.Release|Any CPU.ActiveCfg = Release|Any CPU
		{29B09C7E-CA4D-48CE-8B99-33E387F8902E}.Release|Any CPU.Build.0 = Release|Any CPU
		{984BA8E9-859B-4286-B388-7656E57C8643}.Debug|Any CPU.ActiveCfg = Debug|Any CPU
		{984BA8E9-859B-4286-B388-7656E57C8643}.Debug|Any CPU.Build.0 = Debug|Any CPU
		{984BA8E9-859B-4286-B388-7656E57C8643}.Release|Any CPU.ActiveCfg = Release|Any CPU
		{984BA8E9-859B-4286-B388-7656E57C8643}.Release|Any CPU.Build.0 = Release|Any CPU
		{897404B5-B15D-42C3-9B70-90BFD05FA4A6}.Debug|Any CPU.ActiveCfg = Debug|Any CPU
		{897404B5-B15D-42C3-9B70-90BFD05FA4A6}.Debug|Any CPU.Build.0 = Debug|Any CPU
		{897404B5-B15D-42C3-9B70-90BFD05FA4A6}.Release|Any CPU.ActiveCfg = Release|Any CPU
		{897404B5-B15D-42C3-9B70-90BFD05FA4A6}.Release|Any CPU.Build.0 = Release|Any CPU
		{9C347A2D-81F0-41FB-B441-9B5B64897D88}.Debug|Any CPU.ActiveCfg = Debug|Any CPU
		{9C347A2D-81F0-41FB-B441-9B5B64897D88}.Debug|Any CPU.Build.0 = Debug|Any CPU
		{9C347A2D-81F0-41FB-B441-9B5B64897D88}.Release|Any CPU.ActiveCfg = Release|Any CPU
		{9C347A2D-81F0-41FB-B441-9B5B64897D88}.Release|Any CPU.Build.0 = Release|Any CPU
		{8877034C-2004-487A-9A62-B07420A99EF1}.Debug|Any CPU.ActiveCfg = Debug|Any CPU
		{8877034C-2004-487A-9A62-B07420A99EF1}.Debug|Any CPU.Build.0 = Debug|Any CPU
		{8877034C-2004-487A-9A62-B07420A99EF1}.Release|Any CPU.ActiveCfg = Release|Any CPU
		{8877034C-2004-487A-9A62-B07420A99EF1}.Release|Any CPU.Build.0 = Release|Any CPU
		{7D7C09BB-AE10-441B-BF07-B79DF3A42283}.Debug|Any CPU.ActiveCfg = Debug|Any CPU
		{7D7C09BB-AE10-441B-BF07-B79DF3A42283}.Debug|Any CPU.Build.0 = Debug|Any CPU
		{7D7C09BB-AE10-441B-BF07-B79DF3A42283}.Release|Any CPU.ActiveCfg = Release|Any CPU
		{7D7C09BB-AE10-441B-BF07-B79DF3A42283}.Release|Any CPU.Build.0 = Release|Any CPU
		{DAF9CE76-96AB-4DED-8C5A-987FA37F92C0}.Debug|Any CPU.ActiveCfg = Debug|Any CPU
		{DAF9CE76-96AB-4DED-8C5A-987FA37F92C0}.Debug|Any CPU.Build.0 = Debug|Any CPU
		{DAF9CE76-96AB-4DED-8C5A-987FA37F92C0}.Release|Any CPU.ActiveCfg = Release|Any CPU
		{DAF9CE76-96AB-4DED-8C5A-987FA37F92C0}.Release|Any CPU.Build.0 = Release|Any CPU
		{409E8E75-ACAE-4DE0-9A69-6007CC2B1E49}.Debug|Any CPU.ActiveCfg = Debug|Any CPU
		{409E8E75-ACAE-4DE0-9A69-6007CC2B1E49}.Debug|Any CPU.Build.0 = Debug|Any CPU
		{409E8E75-ACAE-4DE0-9A69-6007CC2B1E49}.Release|Any CPU.ActiveCfg = Release|Any CPU
		{409E8E75-ACAE-4DE0-9A69-6007CC2B1E49}.Release|Any CPU.Build.0 = Release|Any CPU
		{DC67B466-E04A-4DCB-8DD9-9343C25CBE5C}.Debug|Any CPU.ActiveCfg = Debug|Any CPU
		{DC67B466-E04A-4DCB-8DD9-9343C25CBE5C}.Debug|Any CPU.Build.0 = Debug|Any CPU
		{DC67B466-E04A-4DCB-8DD9-9343C25CBE5C}.Release|Any CPU.ActiveCfg = Release|Any CPU
		{DC67B466-E04A-4DCB-8DD9-9343C25CBE5C}.Release|Any CPU.Build.0 = Release|Any CPU
		{60D26B27-400F-4A0B-9824-C2D8C47DCF6B}.Debug|Any CPU.ActiveCfg = Debug|Any CPU
		{60D26B27-400F-4A0B-9824-C2D8C47DCF6B}.Debug|Any CPU.Build.0 = Debug|Any CPU
		{60D26B27-400F-4A0B-9824-C2D8C47DCF6B}.Release|Any CPU.ActiveCfg = Release|Any CPU
		{60D26B27-400F-4A0B-9824-C2D8C47DCF6B}.Release|Any CPU.Build.0 = Release|Any CPU
		{14DF1582-A53B-4348-AD1F-888578CBD632}.Debug|Any CPU.ActiveCfg = Debug|Any CPU
		{14DF1582-A53B-4348-AD1F-888578CBD632}.Debug|Any CPU.Build.0 = Debug|Any CPU
		{14DF1582-A53B-4348-AD1F-888578CBD632}.Release|Any CPU.ActiveCfg = Release|Any CPU
		{14DF1582-A53B-4348-AD1F-888578CBD632}.Release|Any CPU.Build.0 = Release|Any CPU
		{8C8AC859-DB9A-43B1-B6BF-9B2D6CF239CB}.Debug|Any CPU.ActiveCfg = Debug|Any CPU
		{8C8AC859-DB9A-43B1-B6BF-9B2D6CF239CB}.Debug|Any CPU.Build.0 = Debug|Any CPU
		{8C8AC859-DB9A-43B1-B6BF-9B2D6CF239CB}.Release|Any CPU.ActiveCfg = Release|Any CPU
		{8C8AC859-DB9A-43B1-B6BF-9B2D6CF239CB}.Release|Any CPU.Build.0 = Release|Any CPU
		{A0463995-524B-4749-BEE6-D292E47A51B1}.Debug|Any CPU.ActiveCfg = Debug|Any CPU
		{A0463995-524B-4749-BEE6-D292E47A51B1}.Debug|Any CPU.Build.0 = Debug|Any CPU
		{A0463995-524B-4749-BEE6-D292E47A51B1}.Release|Any CPU.ActiveCfg = Release|Any CPU
		{A0463995-524B-4749-BEE6-D292E47A51B1}.Release|Any CPU.Build.0 = Release|Any CPU
		{AD9CD5DA-F9CE-4422-A16B-CA10C8155AC2}.Debug|Any CPU.ActiveCfg = Debug|Any CPU
		{AD9CD5DA-F9CE-4422-A16B-CA10C8155AC2}.Debug|Any CPU.Build.0 = Debug|Any CPU
		{AD9CD5DA-F9CE-4422-A16B-CA10C8155AC2}.Release|Any CPU.ActiveCfg = Release|Any CPU
		{AD9CD5DA-F9CE-4422-A16B-CA10C8155AC2}.Release|Any CPU.Build.0 = Release|Any CPU
		{5E360F5A-0830-4D91-9689-23E8D3D7892F}.Debug|Any CPU.ActiveCfg = Debug|Any CPU
		{5E360F5A-0830-4D91-9689-23E8D3D7892F}.Debug|Any CPU.Build.0 = Debug|Any CPU
		{5E360F5A-0830-4D91-9689-23E8D3D7892F}.Release|Any CPU.ActiveCfg = Release|Any CPU
		{5E360F5A-0830-4D91-9689-23E8D3D7892F}.Release|Any CPU.Build.0 = Release|Any CPU
	EndGlobalSection
	GlobalSection(SolutionProperties) = preSolution
		HideSolutionNode = FALSE
	EndGlobalSection
	GlobalSection(ExtensibilityGlobals) = postSolution
		SolutionGuid = {A6134A17-F1A7-4950-86F3-69850CDD85B8}
	EndGlobalSection
EndGlobal
